{
  "name": "packit",
  "version": "1.0.0",
  "lockfileVersion": 1,
  "requires": true,
  "dependencies": {
    "node": {
      "version": "11.2.0",
      "resolved": "https://registry.npmjs.org/node/-/node-11.2.0.tgz",
      "integrity": "sha512-w5eDbV+TXzcdu3i1uTn2SZ+n/FR1wuuNHf6gFCNKHi7ggjcVsYwfdPDE4UohwhnyezY8u4ODXXVRqE1HG0ClKg==",
      "requires": {
        "node-bin-setup": "^1.0.0"
      }
    },
    "node-bin-setup": {
      "version": "1.0.6",
      "resolved": "https://registry.npmjs.org/node-bin-setup/-/node-bin-setup-1.0.6.tgz",
      "integrity": "sha512-uPIxXNis1CRbv1DwqAxkgBk5NFV3s7cMN/Gf556jSw6jBvV7ca4F9lRL/8cALcZecRibeqU+5dFYqFFmzv5a0Q=="
    }
  }
}
